
Microsoft Visual Studio Solution File, Format Version 12.00
# Visual Studio Version 17
VisualStudioVersion = 17.13.35913.81 d17.13
MinimumVisualStudioVersion = 10.0.40219.1
Project("{FAE04EC0-301F-11D3-BF4B-00C04F79EFBC}") = "EmbaladorPedidosApi", "EmbaladorPedidosApi.csproj", "{EFED5293-818B-F832-7038-741457BAAFDA}"
EndProject
Global
	GlobalSection(SolutionConfigurationPlatforms) = preSolution
		Debug|Any CPU = Debug|Any CPU
		Release|Any CPU = Release|Any CPU
	EndGlobalSection
	GlobalSection(ProjectConfigurationPlatforms) = postSolution
		{EFED5293-818B-F832-7038-741457BAAFDA}.Debug|Any CPU.ActiveCfg = Debug|Any CPU
		{EFED5293-818B-F832-7038-741457BAAFDA}.Debug|Any CPU.Build.0 = Debug|Any CPU
		{EFED5293-818B-F832-7038-741457BAAFDA}.Release|Any CPU.ActiveCfg = Release|Any CPU
		{EFED5293-818B-F832-7038-741457BAAFDA}.Release|Any CPU.Build.0 = Release|Any CPU
	EndGlobalSection
	GlobalSection(SolutionProperties) = preSolution
		HideSolutionNode = FALSE
	EndGlobalSection
	GlobalSection(ExtensibilityGlobals) = postSolution
		SolutionGuid = {293842B1-7E5A-44E5-9D03-5124FE66644F}
	EndGlobalSection
EndGlobal
